
Microsoft Visual Studio Solution File, Format Version 12.00
# Visual Studio Version 17
VisualStudioVersion = 17.0.32112.339
MinimumVisualStudioVersion = 10.0.40219.1
Project("{9A19103F-16F7-4668-BE54-9A1E7A4F7556}") = "Task1", "Task1\Task1.csproj", "{AF7ED95A-6F59-442A-A7CF-583AC6CA38F5}"
EndProject
Project("{FAE04EC0-301F-11D3-BF4B-00C04F79EFBC}") = "Task2", "Task2\Task2.csproj", "{3D63E65B-D884-4729-989A-AE10E59B47B5}"
EndProject
Project("{FAE04EC0-301F-11D3-BF4B-00C04F79EFBC}") = "Task3", "Task3\Task3.csproj", "{B20DD8D9-F73F-4BA1-B4F0-FA6BC2EDAF17}"
EndProject
Project("{FAE04EC0-301F-11D3-BF4B-00C04F79EFBC}") = "Task4", "Task4\Task4.csproj", "{CBB59844-D9D9-4720-8FCC-62FFBA5A5B68}"
EndProject
Global
	GlobalSection(SolutionConfigurationPlatforms) = preSolution
		Debug|Any CPU = Debug|Any CPU
		Release|Any CPU = Release|Any CPU
	EndGlobalSection
	GlobalSection(ProjectConfigurationPlatforms) = postSolution
		{AF7ED95A-6F59-442A-A7CF-583AC6CA38F5}.Debug|Any CPU.ActiveCfg = Debug|Any CPU
		{AF7ED95A-6F59-442A-A7CF-583AC6CA38F5}.Debug|Any CPU.Build.0 = Debug|Any CPU
		{AF7ED95A-6F59-442A-A7CF-583AC6CA38F5}.Release|Any CPU.ActiveCfg = Release|Any CPU
		{AF7ED95A-6F59-442A-A7CF-583AC6CA38F5}.Release|Any CPU.Build.0 = Release|Any CPU
		{3D63E65B-D884-4729-989A-AE10E59B47B5}.Debug|Any CPU.ActiveCfg = Debug|Any CPU
		{3D63E65B-D884-4729-989A-AE10E59B47B5}.Debug|Any CPU.Build.0 = Debug|Any CPU
		{3D63E65B-D884-4729-989A-AE10E59B47B5}.Release|Any CPU.ActiveCfg = Release|Any CPU
		{3D63E65B-D884-4729-989A-AE10E59B47B5}.Release|Any CPU.Build.0 = Release|Any CPU
		{B20DD8D9-F73F-4BA1-B4F0-FA6BC2EDAF17}.Debug|Any CPU.ActiveCfg = Debug|Any CPU
		{B20DD8D9-F73F-4BA1-B4F0-FA6BC2EDAF17}.Debug|Any CPU.Build.0 = Debug|Any CPU
		{B20DD8D9-F73F-4BA1-B4F0-FA6BC2EDAF17}.Release|Any CPU.ActiveCfg = Release|Any CPU
		{B20DD8D9-F73F-4BA1-B4F0-FA6BC2EDAF17}.Release|Any CPU.Build.0 = Release|Any CPU
		{CBB59844-D9D9-4720-8FCC-62FFBA5A5B68}.Debug|Any CPU.ActiveCfg = Debug|Any CPU
		{CBB59844-D9D9-4720-8FCC-62FFBA5A5B68}.Debug|Any CPU.Build.0 = Debug|Any CPU
		{CBB59844-D9D9-4720-8FCC-62FFBA5A5B68}.Release|Any CPU.ActiveCfg = Release|Any CPU
		{CBB59844-D9D9-4720-8FCC-62FFBA5A5B68}.Release|Any CPU.Build.0 = Release|Any CPU
	EndGlobalSection
	GlobalSection(SolutionProperties) = preSolution
		HideSolutionNode = FALSE
	EndGlobalSection
	GlobalSection(ExtensibilityGlobals) = postSolution
		SolutionGuid = {96DFFE25-B994-4525-96B5-B0946D32F7BB}
	EndGlobalSection
EndGlobal
